
Microsoft Visual Studio Solution File, Format Version 12.00
# Visual Studio Version 16
VisualStudioVersion = 16.0.31702.278
MinimumVisualStudioVersion = 10.0.40219.1
Project("{FAE04EC0-301F-11D3-BF4B-00C04F79EFBC}") = "MongoDBDemoApp", "MongoDBDemoApp\MongoDBDemoApp.csproj", "{46EBBA38-0122-46AE-8769-1D0BB0FDB86F}"
EndProject
Global
	GlobalSection(SolutionConfigurationPlatforms) = preSolution
		Debug|Any CPU = Debug|Any CPU
		Release|Any CPU = Release|Any CPU
	EndGlobalSection
	GlobalSection(ProjectConfigurationPlatforms) = postSolution
		{46EBBA38-0122-46AE-8769-1D0BB0FDB86F}.Debug|Any CPU.ActiveCfg = Debug|Any CPU
		{46EBBA38-0122-46AE-8769-1D0BB0FDB86F}.Debug|Any CPU.Build.0 = Debug|Any CPU
		{46EBBA38-0122-46AE-8769-1D0BB0FDB86F}.Release|Any CPU.ActiveCfg = Release|Any CPU
		{46EBBA38-0122-46AE-8769-1D0BB0FDB86F}.Release|Any CPU.Build.0 = Release|Any CPU
	EndGlobalSection
	GlobalSection(SolutionProperties) = preSolution
		HideSolutionNode = FALSE
	EndGlobalSection
	GlobalSection(ExtensibilityGlobals) = postSolution
		SolutionGuid = {1EFDCF8A-7B38-4EC0-8A6B-C6BAD52938FD}
	EndGlobalSection
EndGlobal
